// !$*UTF8*$!
{
	archiveVersion = 1;
	classes = {
	};
	objectVersion = 55;
	objects = {

/* Begin PBXBuildFile section */
		3D39612F55547F70A3011B05 /* Pods_FlexLayout101.framework in Frameworks */ = {isa = PBXBuildFile; fileRef = A79FA6940A0442DA4915A724 /* Pods_FlexLayout101.framework */; };
		98F6484928ACD47100EB42DD /* AppDelegate.swift in Sources */ = {isa = PBXBuildFile; fileRef = 98F6484828ACD47100EB42DD /* AppDelegate.swift */; };
		98F6484B28ACD47100EB42DD /* SceneDelegate.swift in Sources */ = {isa = PBXBuildFile; fileRef = 98F6484A28ACD47100EB42DD /* SceneDelegate.swift */; };
		98F6484D28ACD47100EB42DD /* ViewController.swift in Sources */ = {isa = PBXBuildFile; fileRef = 98F6484C28ACD47100EB42DD /* ViewController.swift */; };
		98F6485028ACD47100EB42DD /* Main.storyboard in Resources */ = {isa = PBXBuildFile; fileRef = 98F6484E28ACD47100EB42DD /* Main.storyboard */; };
		98F6485228ACD47400EB42DD /* Assets.xcassets in Resources */ = {isa = PBXBuildFile; fileRef = 98F6485128ACD47400EB42DD /* Assets.xcassets */; };
		98F6485528ACD47400EB42DD /* LaunchScreen.storyboard in Resources */ = {isa = PBXBuildFile; fileRef = 98F6485328ACD47400EB42DD /* LaunchScreen.storyboard */; };
		98F6487428B22E5A00EB42DD /* TestView.swift in Sources */ = {isa = PBXBuildFile; fileRef = 98F6487328B22E5A00EB42DD /* TestView.swift */; };
/* End PBXBuildFile section */

/* Begin PBXFileReference section */
		2A6B3E0B10C4914591F88A49 /* Pods-FlexLayout101.debug.xcconfig */ = {isa = PBXFileReference; includeInIndex = 1; lastKnownFileType = text.xcconfig; name = "Pods-FlexLayout101.debug.xcconfig"; path = "Target Support Files/Pods-FlexLayout101/Pods-FlexLayout101.debug.xcconfig"; sourceTree = "<group>"; };
		3E127F4B4484092F54F4349D /* Pods-FlexLayout101.release.xcconfig */ = {isa = PBXFileReference; includeInIndex = 1; lastKnownFileType = text.xcconfig; name = "Pods-FlexLayout101.release.xcconfig"; path = "Target Support Files/Pods-FlexLayout101/Pods-FlexLayout101.release.xcconfig"; sourceTree = "<group>"; };
		98F6484528ACD47100EB42DD /* FlexLayout101.app */ = {isa = PBXFileReference; explicitFileType = wrapper.application; includeInIndex = 0; path = FlexLayout101.app; sourceTree = BUILT_PRODUCTS_DIR; };
		98F6484828ACD47100EB42DD /* AppDelegate.swift */ = {isa = PBXFileReference; lastKnownFileType = sourcecode.swift; path = AppDelegate.swift; sourceTree = "<group>"; };
		98F6484A28ACD47100EB42DD /* SceneDelegate.swift */ = {isa = PBXFileReference; lastKnownFileType = sourcecode.swift; path = SceneDelegate.swift; sourceTree = "<group>"; };
		98F6484C28ACD47100EB42DD /* ViewController.swift */ = {isa = PBXFileReference; lastKnownFileType = sourcecode.swift; path = ViewController.swift; sourceTree = "<group>"; };
		98F6484F28ACD47100EB42DD /* Base */ = {isa = PBXFileReference; lastKnownFileType = file.storyboard; name = Base; path = Base.lproj/Main.storyboard; sourceTree = "<group>"; };
		98F6485128ACD47400EB42DD /* Assets.xcassets */ = {isa = PBXFileReference; lastKnownFileType = folder.assetcatalog; path = Assets.xcassets; sourceTree = "<group>"; };
		98F6485428ACD47400EB42DD /* Base */ = {isa = PBXFileReference; lastKnownFileType = file.storyboard; name = Base; path = Base.lproj/LaunchScreen.storyboard; sourceTree = "<group>"; };
		98F6485628ACD47400EB42DD /* Info.plist */ = {isa = PBXFileReference; lastKnownFileType = text.plist.xml; path = Info.plist; sourceTree = "<group>"; };
		98F6487328B22E5A00EB42DD /* TestView.swift */ = {isa = PBXFileReference; lastKnownFileType = sourcecode.swift; path = TestView.swift; sourceTree = "<group>"; };
		A79FA6940A0442DA4915A724 /* Pods_FlexLayout101.framework */ = {isa = PBXFileReference; explicitFileType = wrapper.framework; includeInIndex = 0; path = Pods_FlexLayout101.framework; sourceTree = BUILT_PRODUCTS_DIR; };
/* End PBXFileReference section */

/* Begin PBXFrameworksBuildPhase section */
		98F6484228ACD47100EB42DD /* Frameworks */ = {
			isa = PBXFrameworksBuildPhase;
			buildActionMask = 2147483647;
			files = (
				3D39612F55547F70A3011B05 /* Pods_FlexLayout101.framework in Frameworks */,
			);
			runOnlyForDeploymentPostprocessing = 0;
		};
/* End PBXFrameworksBuildPhase section */

/* Begin PBXGroup section */
		4622AD42308816DE10B71296 /* Frameworks */ = {
			isa = PBXGroup;
			children = (
				A79FA6940A0442DA4915A724 /* Pods_FlexLayout101.framework */,
			);
			name = Frameworks;
			sourceTree = "<group>";
		};
		98F6483C28ACD47100EB42DD = {
			isa = PBXGroup;
			children = (
				98F6484728ACD47100EB42DD /* FlexLayout101 */,
				98F6484628ACD47100EB42DD /* Products */,
				DC4241B958B578F9B6B1A45F /* Pods */,
				4622AD42308816DE10B71296 /* Frameworks */,
			);
			sourceTree = "<group>";
		};
		98F6484628ACD47100EB42DD /* Products */ = {
			isa = PBXGroup;
			children = (
				98F6484528ACD47100EB42DD /* FlexLayout101.app */,
			);
			name = Products;
			sourceTree = "<group>";
		};
		98F6484728ACD47100EB42DD /* FlexLayout101 */ = {
			isa = PBXGroup;
			children = (
				98F6484828ACD47100EB42DD /* AppDelegate.swift */,
				98F6484A28ACD47100EB42DD /* SceneDelegate.swift */,
				98F6484C28ACD47100EB42DD /* ViewController.swift */,
				98F6484E28ACD47100EB42DD /* Main.storyboard */,
				98F6485128ACD47400EB42DD /* Assets.xcassets */,
				98F6485328ACD47400EB42DD /* LaunchScreen.storyboard */,
				98F6485628ACD47400EB42DD /* Info.plist */,
				98F6487328B22E5A00EB42DD /* TestView.swift */,
			);
			path = FlexLayout101;
			sourceTree = "<group>";
		};
		DC4241B958B578F9B6B1A45F /* Pods */ = {
			isa = PBXGroup;
			children = (
				2A6B3E0B10C4914591F88A49 /* Pods-FlexLayout101.debug.xcconfig */,
				3E127F4B4484092F54F4349D /* Pods-FlexLayout101.release.xcconfig */,
			);
			path = Pods;
			sourceTree = "<group>";
		};
/* End PBXGroup section */

/* Begin PBXNativeTarget section */
		98F6484428ACD47100EB42DD /* FlexLayout101 */ = {
			isa = PBXNativeTarget;
			buildConfigurationList = 98F6485928ACD47400EB42DD /* Build configuration list for PBXNativeTarget "FlexLayout101" */;
			buildPhases = (
				4815DE0330AD322550B655B3 /* [CP] Check Pods Manifest.lock */,
				98F6484128ACD47100EB42DD /* Sources */,
				98F6484228ACD47100EB42DD /* Frameworks */,
				98F6484328ACD47100EB42DD /* Resources */,
				BB1D377004AC2E392589449B /* [CP] Embed Pods Frameworks */,
			);
			buildRules = (
			);
			dependencies = (
			);
			name = FlexLayout101;
			productName = FlexLayout101;
			productReference = 98F6484528ACD47100EB42DD /* FlexLayout101.app */;
			productType = "com.apple.product-type.application";
		};
/* End PBXNativeTarget section */

/* Begin PBXProject section */
		98F6483D28ACD47100EB42DD /* Project object */ = {
			isa = PBXProject;
			attributes = {
				BuildIndependentTargetsInParallel = 1;
				LastSwiftUpdateCheck = 1340;
				LastUpgradeCheck = 1340;
				TargetAttributes = {
					98F6484428ACD47100EB42DD = {
						CreatedOnToolsVersion = 13.4.1;
					};
				};
			};
			buildConfigurationList = 98F6484028ACD47100EB42DD /* Build configuration list for PBXProject "FlexLayout101" */;
			compatibilityVersion = "Xcode 13.0";
			developmentRegion = en;
			hasScannedForEncodings = 0;
			knownRegions = (
				en,
				Base,
			);
			mainGroup = 98F6483C28ACD47100EB42DD;
			productRefGroup = 98F6484628ACD47100EB42DD /* Products */;
			projectDirPath = "";
			projectRoot = "";
			targets = (
				98F6484428ACD47100EB42DD /* FlexLayout101 */,
			);
		};
/* End PBXProject section */

/* Begin PBXResourcesBuildPhase section */
		98F6484328ACD47100EB42DD /* Resources */ = {
			isa = PBXResourcesBuildPhase;
			buildActionMask = 2147483647;
			files = (
				98F6485528ACD47400EB42DD /* LaunchScreen.storyboard in Resources */,
				98F6485228ACD47400EB42DD /* Assets.xcassets in Resources */,
				98F6485028ACD47100EB42DD /* Main.storyboard in Resources */,
			);
			runOnlyForDeploymentPostprocessing = 0;
		};
/* End PBXResourcesBuildPhase section */

/* Begin PBXShellScriptBuildPhase section */
		4815DE0330AD322550B655B3 /* [CP] Check Pods Manifest.lock */ = {
			isa = PBXShellScriptBuildPhase;
			buildActionMask = 2147483647;
			files = (
			);
			inputFileListPaths = (
			);
			inputPaths = (
				"${PODS_PODFILE_DIR_PATH}/Podfile.lock",
				"${PODS_ROOT}/Manifest.lock",
			);
			name = "[CP] Check Pods Manifest.lock";
			outputFileListPaths = (
			);
			outputPaths = (
				"$(DERIVED_FILE_DIR)/Pods-FlexLayout101-checkManifestLockResult.txt",
			);
			runOnlyForDeploymentPostprocessing = 0;
			shellPath = /bin/sh;
			shellScript = "diff \"${PODS_PODFILE_DIR_PATH}/Podfile.lock\" \"${PODS_ROOT}/Manifest.lock\" > /dev/null\nif [ $? != 0 ] ; then\n    # print error to STDERR\n    echo \"error: The sandbox is not in sync with the Podfile.lock. Run 'pod install' or update your CocoaPods installation.\" >&2\n    exit 1\nfi\n# This output is used by Xcode 'outputs' to avoid re-running this script phase.\necho \"SUCCESS\" > \"${SCRIPT_OUTPUT_FILE_0}\"\n";
			showEnvVarsInLog = 0;
		};
		BB1D377004AC2E392589449B /* [CP] Embed Pods Frameworks */ = {
			isa = PBXShellScriptBuildPhase;
			buildActionMask = 2147483647;
			files = (
			);
			inputFileListPaths = (
				"${PODS_ROOT}/Target Support Files/Pods-FlexLayout101/Pods-FlexLayout101-frameworks-${CONFIGURATION}-input-files.xcfilelist",
			);
			name = "[CP] Embed Pods Frameworks";
			outputFileListPaths = (
				"${PODS_ROOT}/Target Support Files/Pods-FlexLayout101/Pods-FlexLayout101-frameworks-${CONFIGURATION}-output-files.xcfilelist",
			);
			runOnlyForDeploymentPostprocessing = 0;
			shellPath = /bin/sh;
			shellScript = "\"${PODS_ROOT}/Target Support Files/Pods-FlexLayout101/Pods-FlexLayout101-frameworks.sh\"\n";
			showEnvVarsInLog = 0;
		};
/* End PBXShellScriptBuildPhase section */

/* Begin PBXSourcesBuildPhase section */
		98F6484128ACD47100EB42DD /* Sources */ = {
			isa = PBXSourcesBuildPhase;
			buildActionMask = 2147483647;
			files = (
				98F6487428B22E5A00EB42DD /* TestView.swift in Sources */,
				98F6484D28ACD47100EB42DD /* ViewController.swift in Sources */,
				98F6484928ACD47100EB42DD /* AppDelegate.swift in Sources */,
				98F6484B28ACD47100EB42DD /* SceneDelegate.swift in Sources */,
			);
			runOnlyForDeploymentPostprocessing = 0;
		};
/* End PBXSourcesBuildPhase section */

/* Begin PBXVariantGroup section */
		98F6484E28ACD47100EB42DD /* Main.storyboard */ = {
			isa = PBXVariantGroup;
			children = (
				98F6484F28ACD47100EB42DD /* Base */,
			);
			name = Main.storyboard;
			sourceTree = "<group>";
		};
		98F6485328ACD47400EB42DD /* LaunchScreen.storyboard */ = {
			isa = PBXVariantGroup;
			children = (
				98F6485428ACD47400EB42DD /* Base */,
			);
			name = LaunchScreen.storyboard;
			sourceTree = "<group>";
		};
/* End PBXVariantGroup section */

/* Begin XCBuildConfiguration section */
		98F6485728ACD47400EB42DD /* Debug */ = {
			isa = XCBuildConfiguration;
			buildSettings = {
				ALWAYS_SEARCH_USER_PATHS = NO;
				CLANG_ANALYZER_NONNULL = YES;
				CLANG_ANALYZER_NUMBER_OBJECT_CONVERSION = YES_AGGRESSIVE;
				CLANG_CXX_LANGUAGE_STANDARD = "gnu++17";
				CLANG_ENABLE_MODULES = YES;
				CLANG_ENABLE_OBJC_ARC = YES;
				CLANG_ENABLE_OBJC_WEAK = YES;
				CLANG_WARN_BLOCK_CAPTURE_AUTORELEASING = YES;
				CLANG_WARN_BOOL_CONVERSION = YES;
				CLANG_WARN_COMMA = YES;
				CLANG_WARN_CONSTANT_CONVERSION = YES;
				CLANG_WARN_DEPRECATED_OBJC_IMPLEMENTATIONS = YES;
				CLANG_WARN_DIRECT_OBJC_ISA_USAGE = YES_ERROR;
				CLANG_WARN_DOCUMENTATION_COMMENTS = YES;
				CLANG_WARN_EMPTY_BODY = YES;
				CLANG_WARN_ENUM_CONVERSION = YES;
				CLANG_WARN_INFINITE_RECURSION = YES;
				CLANG_WARN_INT_CONVERSION = YES;
				CLANG_WARN_NON_LITERAL_NULL_CONVERSION = YES;
				CLANG_WARN_OBJC_IMPLICIT_RETAIN_SELF = YES;
				CLANG_WARN_OBJC_LITERAL_CONVERSION = YES;
				CLANG_WARN_OBJC_ROOT_CLASS = YES_ERROR;
				CLANG_WARN_QUOTED_INCLUDE_IN_FRAMEWORK_HEADER = YES;
				CLANG_WARN_RANGE_LOOP_ANALYSIS = YES;
				CLANG_WARN_STRICT_PROTOTYPES = YES;
				CLANG_WARN_SUSPICIOUS_MOVE = YES;
				CLANG_WARN_UNGUARDED_AVAILABILITY = YES_AGGRESSIVE;
				CLANG_WARN_UNREACHABLE_CODE = YES;
				CLANG_WARN__DUPLICATE_METHOD_MATCH = YES;
				COPY_PHASE_STRIP = NO;
				DEBUG_INFORMATION_FORMAT = dwarf;
				ENABLE_STRICT_OBJC_MSGSEND = YES;
				ENABLE_TESTABILITY = YES;
				GCC_C_LANGUAGE_STANDARD = gnu11;
				GCC_DYNAMIC_NO_PIC = NO;
				GCC_NO_COMMON_BLOCKS = YES;
				GCC_OPTIMIZATION_LEVEL = 0;
				GCC_PREPROCESSOR_DEFINITIONS = (
					"DEBUG=1",
					"$(inherited)",
				);
				GCC_WARN_64_TO_32_BIT_CONVERSION = YES;
				GCC_WARN_ABOUT_RETURN_TYPE = YES_ERROR;
				GCC_WARN_UNDECLARED_SELECTOR = YES;
				GCC_WARN_UNINITIALIZED_AUTOS = YES_AGGRESSIVE;
				GCC_WARN_UNUSED_FUNCTION = YES;
				GCC_WARN_UNUSED_VARIABLE = YES;
				IPHONEOS_DEPLOYMENT_TARGET = 15.5;
				MTL_ENABLE_DEBUG_INFO = INCLUDE_SOURCE;
				MTL_FAST_MATH = YES;
				ONLY_ACTIVE_ARCH = YES;
				SDKROOT = iphoneos;
				SWIFT_ACTIVE_COMPILATION_CONDITIONS = DEBUG;
				SWIFT_OPTIMIZATION_LEVEL = "-Onone";
			};
			name = Debug;
		};
		98F6485828ACD47400EB42DD /* Release */ = {
			isa = XCBuildConfiguration;
			buildSettings = {
				ALWAYS_SEARCH_USER_PATHS = NO;
				CLANG_ANALYZER_NONNULL = YES;
				CLANG_ANALYZER_NUMBER_OBJECT_CONVERSION = YES_AGGRESSIVE;
				CLANG_CXX_LANGUAGE_STANDARD = "gnu++17";
				CLANG_ENABLE_MODULES = YES;
				CLANG_ENABLE_OBJC_ARC = YES;
				CLANG_ENABLE_OBJC_WEAK = YES;
				CLANG_WARN_BLOCK_CAPTURE_AUTORELEASING = YES;
				CLANG_WARN_BOOL_CONVERSION = YES;
				CLANG_WARN_COMMA = YES;
				CLANG_WARN_CONSTANT_CONVERSION = YES;
				CLANG_WARN_DEPRECATED_OBJC_IMPLEMENTATIONS = YES;
				CLANG_WARN_DIRECT_OBJC_ISA_USAGE = YES_ERROR;
				CLANG_WARN_DOCUMENTATION_COMMENTS = YES;
				CLANG_WARN_EMPTY_BODY = YES;
				CLANG_WARN_ENUM_CONVERSION = YES;
				CLANG_WARN_INFINITE_RECURSION = YES;
				CLANG_WARN_INT_CONVERSION = YES;
				CLANG_WARN_NON_LITERAL_NULL_CONVERSION = YES;
				CLANG_WARN_OBJC_IMPLICIT_RETAIN_SELF = YES;
				CLANG_WARN_OBJC_LITERAL_CONVERSION = YES;
				CLANG_WARN_OBJC_ROOT_CLASS = YES_ERROR;
				CLANG_WARN_QUOTED_INCLUDE_IN_FRAMEWORK_HEADER = YES;
				CLANG_WARN_RANGE_LOOP_ANALYSIS = YES;
				CLANG_WARN_STRICT_PROTOTYPES = YES;
				CLANG_WARN_SUSPICIOUS_MOVE = YES;
				CLANG_WARN_UNGUARDED_AVAILABILITY = YES_AGGRESSIVE;
				CLANG_WARN_UNREACHABLE_CODE = YES;
				CLANG_WARN__DUPLICATE_METHOD_MATCH = YES;
				COPY_PHASE_STRIP = NO;
				DEBUG_INFORMATION_FORMAT = "dwarf-with-dsym";
				ENABLE_NS_ASSERTIONS = NO;
				ENABLE_STRICT_OBJC_MSGSEND = YES;
				GCC_C_LANGUAGE_STANDARD = gnu11;
				GCC_NO_COMMON_BLOCKS = YES;
				GCC_WARN_64_TO_32_BIT_CONVERSION = YES;
				GCC_WARN_ABOUT_RETURN_TYPE = YES_ERROR;
				GCC_WARN_UNDECLARED_SELECTOR = YES;
				GCC_WARN_UNINITIALIZED_AUTOS = YES_AGGRESSIVE;
				GCC_WARN_UNUSED_FUNCTION = YES;
				GCC_WARN_UNUSED_VARIABLE = YES;
				IPHONEOS_DEPLOYMENT_TARGET = 15.5;
				MTL_ENABLE_DEBUG_INFO = NO;
				MTL_FAST_MATH = YES;
				SDKROOT = iphoneos;
				SWIFT_COMPILATION_MODE = wholemodule;
				SWIFT_OPTIMIZATION_LEVEL = "-O";
				VALIDATE_PRODUCT = YES;
			};
			name = Release;
		};
		98F6485A28ACD47400EB42DD /* Debug */ = {
			isa = XCBuildConfiguration;
			baseConfigurationReference = 2A6B3E0B10C4914591F88A49 /* Pods-FlexLayout101.debug.xcconfig */;
			buildSettings = {
				ASSETCATALOG_COMPILER_APPICON_NAME = AppIcon;
				ASSETCATALOG_COMPILER_GLOBAL_ACCENT_COLOR_NAME = AccentColor;
				CODE_SIGN_STYLE = Automatic;
				CURRENT_PROJECT_VERSION = 1;
				DEVELOPMENT_TEAM = 42BKXL39Q2;
				GENERATE_INFOPLIST_FILE = YES;
				INFOPLIST_FILE = FlexLayout101/Info.plist;
				INFOPLIST_KEY_UIApplicationSupportsIndirectInputEvents = YES;
				INFOPLIST_KEY_UILaunchStoryboardName = LaunchScreen;
				INFOPLIST_KEY_UIMainStoryboardFile = Main;
				INFOPLIST_KEY_UISupportedInterfaceOrientations_iPad = "UIInterfaceOrientationPortrait UIInterfaceOrientationPortraitUpsideDown UIInterfaceOrientationLandscapeLeft UIInterfaceOrientationLandscapeRight";
				INFOPLIST_KEY_UISupportedInterfaceOrientations_iPhone = "UIInterfaceOrientationPortrait UIInterfaceOrientationLandscapeLeft UIInterfaceOrientationLandscapeRight";
				LD_RUNPATH_SEARCH_PATHS = (
					"$(inherited)",
					"@executable_path/Frameworks",
				);
				MARKETING_VERSION = 1.0;
				PRODUCT_BUNDLE_IDENTIFIER = com.minseong.FlexLayout101;
				PRODUCT_NAME = "$(TARGET_NAME)";
				SWIFT_EMIT_LOC_STRINGS = YES;
				SWIFT_VERSION = 5.0;
				TARGETED_DEVICE_FAMILY = "1,2";
			};
			name = Debug;
		};
		98F6485B28ACD47400EB42DD /* Release */ = {
			isa = XCBuildConfiguration;
			baseConfigurationReference = 3E127F4B4484092F54F4349D /* Pods-FlexLayout101.release.xcconfig */;
			buildSettings = {
				ASSETCATALOG_COMPILER_APPICON_NAME = AppIcon;
				ASSETCATALOG_COMPILER_GLOBAL_ACCENT_COLOR_NAME = AccentColor;
				CODE_SIGN_STYLE = Automatic;
				CURRENT_PROJECT_VERSION = 1;
				DEVELOPMENT_TEAM = 42BKXL39Q2;
				GENERATE_INFOPLIST_FILE = YES;
				INFOPLIST_FILE = FlexLayout101/Info.plist;
				INFOPLIST_KEY_UIApplicationSupportsIndirectInputEvents = YES;
				INFOPLIST_KEY_UILaunchStoryboardName = LaunchScreen;
				INFOPLIST_KEY_UIMainStoryboardFile = Main;
				INFOPLIST_KEY_UISupportedInterfaceOrientations_iPad = "UIInterfaceOrientationPortrait UIInterfaceOrientationPortraitUpsideDown UIInterfaceOrientationLandscapeLeft UIInterfaceOrientationLandscapeRight";
				INFOPLIST_KEY_UISupportedInterfaceOrientations_iPhone = "UIInterfaceOrientationPortrait UIInterfaceOrientationLandscapeLeft UIInterfaceOrientationLandscapeRight";
				LD_RUNPATH_SEARCH_PATHS = (
					"$(inherited)",
					"@executable_path/Frameworks",
				);
				MARKETING_VERSION = 1.0;
				PRODUCT_BUNDLE_IDENTIFIER = com.minseong.FlexLayout101;
				PRODUCT_NAME = "$(TARGET_NAME)";
				SWIFT_EMIT_LOC_STRINGS = YES;
				SWIFT_VERSION = 5.0;
				TARGETED_DEVICE_FAMILY = "1,2";
			};
			name = Release;
		};
/* End XCBuildConfiguration section */

/* Begin XCConfigurationList section */
		98F6484028ACD47100EB42DD /* Build configuration list for PBXProject "FlexLayout101" */ = {
			isa = XCConfigurationList;
			buildConfigurations = (
				98F6485728ACD47400EB42DD /* Debug */,
				98F6485828ACD47400EB42DD /* Release */,
			);
			defaultConfigurationIsVisible = 0;
			defaultConfigurationName = Release;
		};
		98F6485928ACD47400EB42DD /* Build configuration list for PBXNativeTarget "FlexLayout101" */ = {
			isa = XCConfigurationList;
			buildConfigurations = (
				98F6485A28ACD47400EB42DD /* Debug */,
				98F6485B28ACD47400EB42DD /* Release */,
			);
			defaultConfigurationIsVisible = 0;
			defaultConfigurationName = Release;
		};
/* End XCConfigurationList section */
	};
	rootObject = 98F6483D28ACD47100EB42DD /* Project object */;
}
